# This file is automatically @generated by Cargo.
# It is not intended for manual editing.
version = 4

[[package]]
name = "math"
version = "0.1.0"
dependencies = [
 "primality-test",
]

[[package]]
name = "primality-test"
version = "0.3.0"
source = "registry+https://github.com/rust-lang/crates.io-index"
checksum = "98439e9658b9548a33abdab8c82532554dc08e49ddc5398a9262222fb360ae24"
